{
  "object": {
    "pins": [
      {
        "package": "AnyCodable",
        "repositoryURL": "https://github.com/Flight-School/AnyCodable.git",
        "state": {
          "branch": null,
          "revision": "396ccc3dba5bdee04c1e742e7fab40582861401e",
          "version": null
        }
      },
      {
        "package": "OrderedDictionary",
        "repositoryURL": "https://github.com/lukaskubanek/OrderedDictionary.git",
        "state": {
          "branch": "master",
          "revision": "ae2cc6dd55f90c10fd4b6fafc582c411bce012d0",
          "version": null
        }
      },
      {
        "package": "VIZ",
        "repositoryURL": "https://github.com/viz-blockchain/viz-swift-lib.git",
        "state": {
          "branch": "master",
          "revision": "324ad26114fac52b9532932bf1163e9dc0b266ff",
          "version": null
        }
      }
    ]
  },
  "version": 1
}
