{
  "originHash" : "bd9d3777ad0112edb6243433a59dbf1c73520cabec5031e08568b3ce334ef378",
  "pins" : [
    {
      "identity" : "atributika",
      "kind" : "remoteSourceControl",
      "location" : "https://github.com/psharanda/Atributika.git",
      "state" : {
        "revision" : "d018897afbd55d9065ef859650585bac890ada7e",
        "version" : "4.10.1"
      }
    },
    {
      "identity" : "codescanner",
      "kind" : "remoteSourceControl",
      "location" : "https://github.com/twostraws/CodeScanner.git",
      "state" : {
        "revision" : "5e886430238944c7200fc9e10dbf2d9550dba865",
        "version" : "2.5.2"
      }
    },
    {
      "identity" : "confettiswiftui",
      "kind" : "remoteSourceControl",
      "location" : "https://github.com/simibac/ConfettiSwiftUI.git",
      "state" : {
        "branch" : "master",
        "revision" : "9ae5bc2ce2149980884d4612321c3a266d6bf82c"
      }
    },
    {
      "identity" : "keychainaccess",
      "kind" : "remoteSourceControl",
      "location" : "https://github.com/kishikawakatsumi/KeychainAccess.git",
      "state" : {
        "revision" : "84e546727d66f1adc5439debad16270d0fdd04e7",
        "version" : "4.2.2"
      }
    },
    {
      "identity" : "lottie-ios",
      "kind" : "remoteSourceControl",
      "location" : "https://github.com/airbnb/lottie-ios.git",
      "state" : {
        "revision" : "b4bd0604ded9574807f41b4004b57dd1226a30a4",
        "version" : "3.5.0"
      }
    },
    {
      "identity" : "ordereddictionary",
      "kind" : "remoteSourceControl",
      "location" : "https://github.com/lukaskubanek/OrderedDictionary.git",
      "state" : {
        "revision" : "06fd5ea31a9888769b3bae03e4d134da1cf69c50",
        "version" : "4.0.2"
      }
    },
    {
      "identity" : "sdwebimage",
      "kind" : "remoteSourceControl",
      "location" : "https://github.com/SDWebImage/SDWebImage.git",
      "state" : {
        "revision" : "59730af512c06fb569c119d737df4c1c499e001d",
        "version" : "5.18.10"
      }
    },
    {
      "identity" : "sdwebimageswiftui",
      "kind" : "remoteSourceControl",
      "location" : "https://github.com/SDWebImage/SDWebImageSwiftUI.git",
      "state" : {
        "revision" : "261b6cec35686d2dc192b809ab50742b4502a73b",
        "version" : "2.2.6"
      }
    },
    {
      "identity" : "secp256k1",
      "kind" : "remoteSourceControl",
      "location" : "https://github.com/greymass/secp256k1.git",
      "state" : {
        "branch" : "master",
        "revision" : "f5babfbb95166ac3bca64b09adefc0dcda0b5c52"
      }
    },
    {
      "identity" : "viz-swift-lib",
      "kind" : "remoteSourceControl",
      "location" : "https://github.com/viz-blockchain/viz-swift-lib.git",
      "state" : {
        "branch" : "master",
        "revision" : "f892ef4d3173d448e573a8903ca21624bf90569c"
      }
    }
  ],
  "version" : 3
}
