// !$*UTF8*$!
{
	archiveVersion = 1;
	classes = {
	};
	objectVersion = 50;
	objects = {

/* Begin PBXBuildFile section */
		D11AF74825E239D900B29A19 /* Tests_iOS.swift in Sources */ = {isa = PBXBuildFile; fileRef = D11AF74725E239D900B29A19 /* Tests_iOS.swift */; };
		D11AF75325E239D900B29A19 /* Tests_macOS.swift in Sources */ = {isa = PBXBuildFile; fileRef = D11AF75225E239D900B29A19 /* Tests_macOS.swift */; };
		D11AF75525E239D900B29A19 /* WalletApp.swift in Sources */ = {isa = PBXBuildFile; fileRef = D11AF72C25E239D600B29A19 /* WalletApp.swift */; };
		D11AF75625E239D900B29A19 /* WalletApp.swift in Sources */ = {isa = PBXBuildFile; fileRef = D11AF72C25E239D600B29A19 /* WalletApp.swift */; };
		D11AF75725E239D900B29A19 /* ContentView.swift in Sources */ = {isa = PBXBuildFile; fileRef = D11AF72D25E239D600B29A19 /* ContentView.swift */; };
		D11AF75825E239D900B29A19 /* ContentView.swift in Sources */ = {isa = PBXBuildFile; fileRef = D11AF72D25E239D600B29A19 /* ContentView.swift */; };
		D11AF75925E239D900B29A19 /* Assets.xcassets in Resources */ = {isa = PBXBuildFile; fileRef = D11AF72E25E239D900B29A19 /* Assets.xcassets */; };
		D11AF75A25E239D900B29A19 /* Assets.xcassets in Resources */ = {isa = PBXBuildFile; fileRef = D11AF72E25E239D900B29A19 /* Assets.xcassets */; };
/* End PBXBuildFile section */

/* Begin PBXContainerItemProxy section */
		D11AF74425E239D900B29A19 /* PBXContainerItemProxy */ = {
			isa = PBXContainerItemProxy;
			containerPortal = D11AF72725E239D600B29A19 /* Project object */;
			proxyType = 1;
			remoteGlobalIDString = D11AF73225E239D900B29A19;
			remoteInfo = "viz-wallet (iOS)";
		};
		D11AF74F25E239D900B29A19 /* PBXContainerItemProxy */ = {
			isa = PBXContainerItemProxy;
			containerPortal = D11AF72725E239D600B29A19 /* Project object */;
			proxyType = 1;
			remoteGlobalIDString = D11AF73A25E239D900B29A19;
			remoteInfo = "viz-wallet (macOS)";
		};
/* End PBXContainerItemProxy section */

/* Begin PBXFileReference section */
		D11AF72C25E239D600B29A19 /* WalletApp.swift */ = {isa = PBXFileReference; lastKnownFileType = sourcecode.swift; path = WalletApp.swift; sourceTree = "<group>"; };
		D11AF72D25E239D600B29A19 /* ContentView.swift */ = {isa = PBXFileReference; lastKnownFileType = sourcecode.swift; path = ContentView.swift; sourceTree = "<group>"; };
		D11AF72E25E239D900B29A19 /* Assets.xcassets */ = {isa = PBXFileReference; lastKnownFileType = folder.assetcatalog; path = Assets.xcassets; sourceTree = "<group>"; };
		D11AF73325E239D900B29A19 /* viz-wallet.app */ = {isa = PBXFileReference; explicitFileType = wrapper.application; includeInIndex = 0; path = "viz-wallet.app"; sourceTree = BUILT_PRODUCTS_DIR; };
		D11AF73625E239D900B29A19 /* Info.plist */ = {isa = PBXFileReference; lastKnownFileType = text.plist.xml; path = Info.plist; sourceTree = "<group>"; };
		D11AF73B25E239D900B29A19 /* viz-wallet.app */ = {isa = PBXFileReference; explicitFileType = wrapper.application; includeInIndex = 0; path = "viz-wallet.app"; sourceTree = BUILT_PRODUCTS_DIR; };
		D11AF73D25E239D900B29A19 /* Info.plist */ = {isa = PBXFileReference; lastKnownFileType = text.plist.xml; path = Info.plist; sourceTree = "<group>"; };
		D11AF73E25E239D900B29A19 /* macOS.entitlements */ = {isa = PBXFileReference; lastKnownFileType = text.plist.entitlements; path = macOS.entitlements; sourceTree = "<group>"; };
		D11AF74325E239D900B29A19 /* Tests iOS.xctest */ = {isa = PBXFileReference; explicitFileType = wrapper.cfbundle; includeInIndex = 0; path = "Tests iOS.xctest"; sourceTree = BUILT_PRODUCTS_DIR; };
		D11AF74725E239D900B29A19 /* Tests_iOS.swift */ = {isa = PBXFileReference; lastKnownFileType = sourcecode.swift; path = Tests_iOS.swift; sourceTree = "<group>"; };
		D11AF74925E239D900B29A19 /* Info.plist */ = {isa = PBXFileReference; lastKnownFileType = text.plist.xml; path = Info.plist; sourceTree = "<group>"; };
		D11AF74E25E239D900B29A19 /* Tests macOS.xctest */ = {isa = PBXFileReference; explicitFileType = wrapper.cfbundle; includeInIndex = 0; path = "Tests macOS.xctest"; sourceTree = BUILT_PRODUCTS_DIR; };
		D11AF75225E239D900B29A19 /* Tests_macOS.swift */ = {isa = PBXFileReference; lastKnownFileType = sourcecode.swift; path = Tests_macOS.swift; sourceTree = "<group>"; };
		D11AF75425E239D900B29A19 /* Info.plist */ = {isa = PBXFileReference; lastKnownFileType = text.plist.xml; path = Info.plist; sourceTree = "<group>"; };
/* End PBXFileReference section */

/* Begin PBXFrameworksBuildPhase section */
		D11AF73025E239D900B29A19 /* Frameworks */ = {
			isa = PBXFrameworksBuildPhase;
			buildActionMask = 2147483647;
			files = (
			);
			runOnlyForDeploymentPostprocessing = 0;
		};
		D11AF73825E239D900B29A19 /* Frameworks */ = {
			isa = PBXFrameworksBuildPhase;
			buildActionMask = 2147483647;
			files = (
			);
			runOnlyForDeploymentPostprocessing = 0;
		};
		D11AF74025E239D900B29A19 /* Frameworks */ = {
			isa = PBXFrameworksBuildPhase;
			buildActionMask = 2147483647;
			files = (
			);
			runOnlyForDeploymentPostprocessing = 0;
		};
		D11AF74B25E239D900B29A19 /* Frameworks */ = {
			isa = PBXFrameworksBuildPhase;
			buildActionMask = 2147483647;
			files = (
			);
			runOnlyForDeploymentPostprocessing = 0;
		};
/* End PBXFrameworksBuildPhase section */

/* Begin PBXGroup section */
		D11AF72625E239D600B29A19 = {
			isa = PBXGroup;
			children = (
				D11AF72B25E239D600B29A19 /* Shared */,
				D11AF73525E239D900B29A19 /* iOS */,
				D11AF73C25E239D900B29A19 /* macOS */,
				D11AF74625E239D900B29A19 /* Tests iOS */,
				D11AF75125E239D900B29A19 /* Tests macOS */,
				D11AF73425E239D900B29A19 /* Products */,
			);
			sourceTree = "<group>";
		};
		D11AF72B25E239D600B29A19 /* Shared */ = {
			isa = PBXGroup;
			children = (
				D11AF72C25E239D600B29A19 /* WalletApp.swift */,
				D11AF72D25E239D600B29A19 /* ContentView.swift */,
				D11AF72E25E239D900B29A19 /* Assets.xcassets */,
			);
			path = Shared;
			sourceTree = "<group>";
		};
		D11AF73425E239D900B29A19 /* Products */ = {
			isa = PBXGroup;
			children = (
				D11AF73325E239D900B29A19 /* viz-wallet.app */,
				D11AF73B25E239D900B29A19 /* viz-wallet.app */,
				D11AF74325E239D900B29A19 /* Tests iOS.xctest */,
				D11AF74E25E239D900B29A19 /* Tests macOS.xctest */,
			);
			name = Products;
			sourceTree = "<group>";
		};
		D11AF73525E239D900B29A19 /* iOS */ = {
			isa = PBXGroup;
			children = (
				D11AF73625E239D900B29A19 /* Info.plist */,
			);
			path = iOS;
			sourceTree = "<group>";
		};
		D11AF73C25E239D900B29A19 /* macOS */ = {
			isa = PBXGroup;
			children = (
				D11AF73D25E239D900B29A19 /* Info.plist */,
				D11AF73E25E239D900B29A19 /* macOS.entitlements */,
			);
			path = macOS;
			sourceTree = "<group>";
		};
		D11AF74625E239D900B29A19 /* Tests iOS */ = {
			isa = PBXGroup;
			children = (
				D11AF74725E239D900B29A19 /* Tests_iOS.swift */,
				D11AF74925E239D900B29A19 /* Info.plist */,
			);
			path = "Tests iOS";
			sourceTree = "<group>";
		};
		D11AF75125E239D900B29A19 /* Tests macOS */ = {
			isa = PBXGroup;
			children = (
				D11AF75225E239D900B29A19 /* Tests_macOS.swift */,
				D11AF75425E239D900B29A19 /* Info.plist */,
			);
			path = "Tests macOS";
			sourceTree = "<group>";
		};
/* End PBXGroup section */

/* Begin PBXNativeTarget section */
		D11AF73225E239D900B29A19 /* viz-wallet (iOS) */ = {
			isa = PBXNativeTarget;
			buildConfigurationList = D11AF75D25E239D900B29A19 /* Build configuration list for PBXNativeTarget "viz-wallet (iOS)" */;
			buildPhases = (
				D11AF72F25E239D900B29A19 /* Sources */,
				D11AF73025E239D900B29A19 /* Frameworks */,
				D11AF73125E239D900B29A19 /* Resources */,
			);
			buildRules = (
			);
			dependencies = (
			);
			name = "viz-wallet (iOS)";
			productName = "viz-wallet (iOS)";
			productReference = D11AF73325E239D900B29A19 /* viz-wallet.app */;
			productType = "com.apple.product-type.application";
		};
		D11AF73A25E239D900B29A19 /* viz-wallet (macOS) */ = {
			isa = PBXNativeTarget;
			buildConfigurationList = D11AF76025E239D900B29A19 /* Build configuration list for PBXNativeTarget "viz-wallet (macOS)" */;
			buildPhases = (
				D11AF73725E239D900B29A19 /* Sources */,
				D11AF73825E239D900B29A19 /* Frameworks */,
				D11AF73925E239D900B29A19 /* Resources */,
			);
			buildRules = (
			);
			dependencies = (
			);
			name = "viz-wallet (macOS)";
			productName = "viz-wallet (macOS)";
			productReference = D11AF73B25E239D900B29A19 /* viz-wallet.app */;
			productType = "com.apple.product-type.application";
		};
		D11AF74225E239D900B29A19 /* Tests iOS */ = {
			isa = PBXNativeTarget;
			buildConfigurationList = D11AF76325E239D900B29A19 /* Build configuration list for PBXNativeTarget "Tests iOS" */;
			buildPhases = (
				D11AF73F25E239D900B29A19 /* Sources */,
				D11AF74025E239D900B29A19 /* Frameworks */,
				D11AF74125E239D900B29A19 /* Resources */,
			);
			buildRules = (
			);
			dependencies = (
				D11AF74525E239D900B29A19 /* PBXTargetDependency */,
			);
			name = "Tests iOS";
			productName = "Tests iOS";
			productReference = D11AF74325E239D900B29A19 /* Tests iOS.xctest */;
			productType = "com.apple.product-type.bundle.ui-testing";
		};
		D11AF74D25E239D900B29A19 /* Tests macOS */ = {
			isa = PBXNativeTarget;
			buildConfigurationList = D11AF76625E239D900B29A19 /* Build configuration list for PBXNativeTarget "Tests macOS" */;
			buildPhases = (
				D11AF74A25E239D900B29A19 /* Sources */,
				D11AF74B25E239D900B29A19 /* Frameworks */,
				D11AF74C25E239D900B29A19 /* Resources */,
			);
			buildRules = (
			);
			dependencies = (
				D11AF75025E239D900B29A19 /* PBXTargetDependency */,
			);
			name = "Tests macOS";
			productName = "Tests macOS";
			productReference = D11AF74E25E239D900B29A19 /* Tests macOS.xctest */;
			productType = "com.apple.product-type.bundle.ui-testing";
		};
/* End PBXNativeTarget section */

/* Begin PBXProject section */
		D11AF72725E239D600B29A19 /* Project object */ = {
			isa = PBXProject;
			attributes = {
				LastSwiftUpdateCheck = 1240;
				LastUpgradeCheck = 1240;
				TargetAttributes = {
					D11AF73225E239D900B29A19 = {
						CreatedOnToolsVersion = 12.4;
					};
					D11AF73A25E239D900B29A19 = {
						CreatedOnToolsVersion = 12.4;
					};
					D11AF74225E239D900B29A19 = {
						CreatedOnToolsVersion = 12.4;
						TestTargetID = D11AF73225E239D900B29A19;
					};
					D11AF74D25E239D900B29A19 = {
						CreatedOnToolsVersion = 12.4;
						TestTargetID = D11AF73A25E239D900B29A19;
					};
				};
			};
			buildConfigurationList = D11AF72A25E239D600B29A19 /* Build configuration list for PBXProject "viz-wallet" */;
			compatibilityVersion = "Xcode 9.3";
			developmentRegion = en;
			hasScannedForEncodings = 0;
			knownRegions = (
				en,
				Base,
			);
			mainGroup = D11AF72625E239D600B29A19;
			productRefGroup = D11AF73425E239D900B29A19 /* Products */;
			projectDirPath = "";
			projectRoot = "";
			targets = (
				D11AF73225E239D900B29A19 /* viz-wallet (iOS) */,
				D11AF73A25E239D900B29A19 /* viz-wallet (macOS) */,
				D11AF74225E239D900B29A19 /* Tests iOS */,
				D11AF74D25E239D900B29A19 /* Tests macOS */,
			);
		};
/* End PBXProject section */

/* Begin PBXResourcesBuildPhase section */
		D11AF73125E239D900B29A19 /* Resources */ = {
			isa = PBXResourcesBuildPhase;
			buildActionMask = 2147483647;
			files = (
				D11AF75925E239D900B29A19 /* Assets.xcassets in Resources */,
			);
			runOnlyForDeploymentPostprocessing = 0;
		};
		D11AF73925E239D900B29A19 /* Resources */ = {
			isa = PBXResourcesBuildPhase;
			buildActionMask = 2147483647;
			files = (
				D11AF75A25E239D900B29A19 /* Assets.xcassets in Resources */,
			);
			runOnlyForDeploymentPostprocessing = 0;
		};
		D11AF74125E239D900B29A19 /* Resources */ = {
			isa = PBXResourcesBuildPhase;
			buildActionMask = 2147483647;
			files = (
			);
			runOnlyForDeploymentPostprocessing = 0;
		};
		D11AF74C25E239D900B29A19 /* Resources */ = {
			isa = PBXResourcesBuildPhase;
			buildActionMask = 2147483647;
			files = (
			);
			runOnlyForDeploymentPostprocessing = 0;
		};
/* End PBXResourcesBuildPhase section */

/* Begin PBXSourcesBuildPhase section */
		D11AF72F25E239D900B29A19 /* Sources */ = {
			isa = PBXSourcesBuildPhase;
			buildActionMask = 2147483647;
			files = (
				D11AF75725E239D900B29A19 /* ContentView.swift in Sources */,
				D11AF75525E239D900B29A19 /* WalletApp.swift in Sources */,
			);
			runOnlyForDeploymentPostprocessing = 0;
		};
		D11AF73725E239D900B29A19 /* Sources */ = {
			isa = PBXSourcesBuildPhase;
			buildActionMask = 2147483647;
			files = (
				D11AF75825E239D900B29A19 /* ContentView.swift in Sources */,
				D11AF75625E239D900B29A19 /* WalletApp.swift in Sources */,
			);
			runOnlyForDeploymentPostprocessing = 0;
		};
		D11AF73F25E239D900B29A19 /* Sources */ = {
			isa = PBXSourcesBuildPhase;
			buildActionMask = 2147483647;
			files = (
				D11AF74825E239D900B29A19 /* Tests_iOS.swift in Sources */,
			);
			runOnlyForDeploymentPostprocessing = 0;
		};
		D11AF74A25E239D900B29A19 /* Sources */ = {
			isa = PBXSourcesBuildPhase;
			buildActionMask = 2147483647;
			files = (
				D11AF75325E239D900B29A19 /* Tests_macOS.swift in Sources */,
			);
			runOnlyForDeploymentPostprocessing = 0;
		};
/* End PBXSourcesBuildPhase section */

/* Begin PBXTargetDependency section */
		D11AF74525E239D900B29A19 /* PBXTargetDependency */ = {
			isa = PBXTargetDependency;
			target = D11AF73225E239D900B29A19 /* viz-wallet (iOS) */;
			targetProxy = D11AF74425E239D900B29A19 /* PBXContainerItemProxy */;
		};
		D11AF75025E239D900B29A19 /* PBXTargetDependency */ = {
			isa = PBXTargetDependency;
			target = D11AF73A25E239D900B29A19 /* viz-wallet (macOS) */;
			targetProxy = D11AF74F25E239D900B29A19 /* PBXContainerItemProxy */;
		};
/* End PBXTargetDependency section */

/* Begin XCBuildConfiguration section */
		D11AF75B25E239D900B29A19 /* Debug */ = {
			isa = XCBuildConfiguration;
			buildSettings = {
				ALWAYS_SEARCH_USER_PATHS = NO;
				CLANG_ANALYZER_NONNULL = YES;
				CLANG_ANALYZER_NUMBER_OBJECT_CONVERSION = YES_AGGRESSIVE;
				CLANG_CXX_LANGUAGE_STANDARD = "gnu++14";
				CLANG_CXX_LIBRARY = "libc++";
				CLANG_ENABLE_MODULES = YES;
				CLANG_ENABLE_OBJC_ARC = YES;
				CLANG_ENABLE_OBJC_WEAK = YES;
				CLANG_WARN_BLOCK_CAPTURE_AUTORELEASING = YES;
				CLANG_WARN_BOOL_CONVERSION = YES;
				CLANG_WARN_COMMA = YES;
				CLANG_WARN_CONSTANT_CONVERSION = YES;
				CLANG_WARN_DEPRECATED_OBJC_IMPLEMENTATIONS = YES;
				CLANG_WARN_DIRECT_OBJC_ISA_USAGE = YES_ERROR;
				CLANG_WARN_DOCUMENTATION_COMMENTS = YES;
				CLANG_WARN_EMPTY_BODY = YES;
				CLANG_WARN_ENUM_CONVERSION = YES;
				CLANG_WARN_INFINITE_RECURSION = YES;
				CLANG_WARN_INT_CONVERSION = YES;
				CLANG_WARN_NON_LITERAL_NULL_CONVERSION = YES;
				CLANG_WARN_OBJC_IMPLICIT_RETAIN_SELF = YES;
				CLANG_WARN_OBJC_LITERAL_CONVERSION = YES;
				CLANG_WARN_OBJC_ROOT_CLASS = YES_ERROR;
				CLANG_WARN_QUOTED_INCLUDE_IN_FRAMEWORK_HEADER = YES;
				CLANG_WARN_RANGE_LOOP_ANALYSIS = YES;
				CLANG_WARN_STRICT_PROTOTYPES = YES;
				CLANG_WARN_SUSPICIOUS_MOVE = YES;
				CLANG_WARN_UNGUARDED_AVAILABILITY = YES_AGGRESSIVE;
				CLANG_WARN_UNREACHABLE_CODE = YES;
				CLANG_WARN__DUPLICATE_METHOD_MATCH = YES;
				COPY_PHASE_STRIP = NO;
				DEBUG_INFORMATION_FORMAT = dwarf;
				ENABLE_STRICT_OBJC_MSGSEND = YES;
				ENABLE_TESTABILITY = YES;
				GCC_C_LANGUAGE_STANDARD = gnu11;
				GCC_DYNAMIC_NO_PIC = NO;
				GCC_NO_COMMON_BLOCKS = YES;
				GCC_OPTIMIZATION_LEVEL = 0;
				GCC_PREPROCESSOR_DEFINITIONS = (
					"DEBUG=1",
					"$(inherited)",
				);
				GCC_WARN_64_TO_32_BIT_CONVERSION = YES;
				GCC_WARN_ABOUT_RETURN_TYPE = YES_ERROR;
				GCC_WARN_UNDECLARED_SELECTOR = YES;
				GCC_WARN_UNINITIALIZED_AUTOS = YES_AGGRESSIVE;
				GCC_WARN_UNUSED_FUNCTION = YES;
				GCC_WARN_UNUSED_VARIABLE = YES;
				MTL_ENABLE_DEBUG_INFO = INCLUDE_SOURCE;
				MTL_FAST_MATH = YES;
				ONLY_ACTIVE_ARCH = YES;
				SWIFT_ACTIVE_COMPILATION_CONDITIONS = DEBUG;
				SWIFT_OPTIMIZATION_LEVEL = "-Onone";
			};
			name = Debug;
		};
		D11AF75C25E239D900B29A19 /* Release */ = {
			isa = XCBuildConfiguration;
			buildSettings = {
				ALWAYS_SEARCH_USER_PATHS = NO;
				CLANG_ANALYZER_NONNULL = YES;
				CLANG_ANALYZER_NUMBER_OBJECT_CONVERSION = YES_AGGRESSIVE;
				CLANG_CXX_LANGUAGE_STANDARD = "gnu++14";
				CLANG_CXX_LIBRARY = "libc++";
				CLANG_ENABLE_MODULES = YES;
				CLANG_ENABLE_OBJC_ARC = YES;
				CLANG_ENABLE_OBJC_WEAK = YES;
				CLANG_WARN_BLOCK_CAPTURE_AUTORELEASING = YES;
				CLANG_WARN_BOOL_CONVERSION = YES;
				CLANG_WARN_COMMA = YES;
				CLANG_WARN_CONSTANT_CONVERSION = YES;
				CLANG_WARN_DEPRECATED_OBJC_IMPLEMENTATIONS = YES;
				CLANG_WARN_DIRECT_OBJC_ISA_USAGE = YES_ERROR;
				CLANG_WARN_DOCUMENTATION_COMMENTS = YES;
				CLANG_WARN_EMPTY_BODY = YES;
				CLANG_WARN_ENUM_CONVERSION = YES;
				CLANG_WARN_INFINITE_RECURSION = YES;
				CLANG_WARN_INT_CONVERSION = YES;
				CLANG_WARN_NON_LITERAL_NULL_CONVERSION = YES;
				CLANG_WARN_OBJC_IMPLICIT_RETAIN_SELF = YES;
				CLANG_WARN_OBJC_LITERAL_CONVERSION = YES;
				CLANG_WARN_OBJC_ROOT_CLASS = YES_ERROR;
				CLANG_WARN_QUOTED_INCLUDE_IN_FRAMEWORK_HEADER = YES;
				CLANG_WARN_RANGE_LOOP_ANALYSIS = YES;
				CLANG_WARN_STRICT_PROTOTYPES = YES;
				CLANG_WARN_SUSPICIOUS_MOVE = YES;
				CLANG_WARN_UNGUARDED_AVAILABILITY = YES_AGGRESSIVE;
				CLANG_WARN_UNREACHABLE_CODE = YES;
				CLANG_WARN__DUPLICATE_METHOD_MATCH = YES;
				COPY_PHASE_STRIP = NO;
				DEBUG_INFORMATION_FORMAT = "dwarf-with-dsym";
				ENABLE_NS_ASSERTIONS = NO;
				ENABLE_STRICT_OBJC_MSGSEND = YES;
				GCC_C_LANGUAGE_STANDARD = gnu11;
				GCC_NO_COMMON_BLOCKS = YES;
				GCC_WARN_64_TO_32_BIT_CONVERSION = YES;
				GCC_WARN_ABOUT_RETURN_TYPE = YES_ERROR;
				GCC_WARN_UNDECLARED_SELECTOR = YES;
				GCC_WARN_UNINITIALIZED_AUTOS = YES_AGGRESSIVE;
				GCC_WARN_UNUSED_FUNCTION = YES;
				GCC_WARN_UNUSED_VARIABLE = YES;
				MTL_ENABLE_DEBUG_INFO = NO;
				MTL_FAST_MATH = YES;
				SWIFT_COMPILATION_MODE = wholemodule;
				SWIFT_OPTIMIZATION_LEVEL = "-O";
			};
			name = Release;
		};
		D11AF75E25E239D900B29A19 /* Debug */ = {
			isa = XCBuildConfiguration;
			buildSettings = {
				ASSETCATALOG_COMPILER_APPICON_NAME = AppIcon;
				ASSETCATALOG_COMPILER_GLOBAL_ACCENT_COLOR_NAME = AccentColor;
				CODE_SIGN_STYLE = Automatic;
				DEVELOPMENT_TEAM = 7JF6XQC536;
				ENABLE_PREVIEWS = YES;
				INFOPLIST_FILE = iOS/Info.plist;
				IPHONEOS_DEPLOYMENT_TARGET = 14.0;
				LD_RUNPATH_SEARCH_PATHS = (
					"$(inherited)",
					"@executable_path/Frameworks",
				);
				PRODUCT_BUNDLE_IDENTIFIER = "cx.viz.viz-wallet";
				PRODUCT_NAME = "viz-wallet";
				SDKROOT = iphoneos;
				SWIFT_VERSION = 5.0;
				TARGETED_DEVICE_FAMILY = "1,2";
			};
			name = Debug;
		};
		D11AF75F25E239D900B29A19 /* Release */ = {
			isa = XCBuildConfiguration;
			buildSettings = {
				ASSETCATALOG_COMPILER_APPICON_NAME = AppIcon;
				ASSETCATALOG_COMPILER_GLOBAL_ACCENT_COLOR_NAME = AccentColor;
				CODE_SIGN_STYLE = Automatic;
				DEVELOPMENT_TEAM = 7JF6XQC536;
				ENABLE_PREVIEWS = YES;
				INFOPLIST_FILE = iOS/Info.plist;
				IPHONEOS_DEPLOYMENT_TARGET = 14.0;
				LD_RUNPATH_SEARCH_PATHS = (
					"$(inherited)",
					"@executable_path/Frameworks",
				);
				PRODUCT_BUNDLE_IDENTIFIER = "cx.viz.viz-wallet";
				PRODUCT_NAME = "viz-wallet";
				SDKROOT = iphoneos;
				SWIFT_VERSION = 5.0;
				TARGETED_DEVICE_FAMILY = "1,2";
				VALIDATE_PRODUCT = YES;
			};
			name = Release;
		};
		D11AF76125E239D900B29A19 /* Debug */ = {
			isa = XCBuildConfiguration;
			buildSettings = {
				ASSETCATALOG_COMPILER_APPICON_NAME = AppIcon;
				ASSETCATALOG_COMPILER_GLOBAL_ACCENT_COLOR_NAME = AccentColor;
				CODE_SIGN_ENTITLEMENTS = macOS/macOS.entitlements;
				CODE_SIGN_STYLE = Automatic;
				COMBINE_HIDPI_IMAGES = YES;
				DEVELOPMENT_TEAM = 7JF6XQC536;
				ENABLE_HARDENED_RUNTIME = YES;
				ENABLE_PREVIEWS = YES;
				INFOPLIST_FILE = macOS/Info.plist;
				LD_RUNPATH_SEARCH_PATHS = (
					"$(inherited)",
					"@executable_path/../Frameworks",
				);
				MACOSX_DEPLOYMENT_TARGET = 11.0;
				PRODUCT_BUNDLE_IDENTIFIER = "cx.viz.viz-wallet";
				PRODUCT_NAME = "viz-wallet";
				SDKROOT = macosx;
				SWIFT_VERSION = 5.0;
			};
			name = Debug;
		};
		D11AF76225E239D900B29A19 /* Release */ = {
			isa = XCBuildConfiguration;
			buildSettings = {
				ASSETCATALOG_COMPILER_APPICON_NAME = AppIcon;
				ASSETCATALOG_COMPILER_GLOBAL_ACCENT_COLOR_NAME = AccentColor;
				CODE_SIGN_ENTITLEMENTS = macOS/macOS.entitlements;
				CODE_SIGN_STYLE = Automatic;
				COMBINE_HIDPI_IMAGES = YES;
				DEVELOPMENT_TEAM = 7JF6XQC536;
				ENABLE_HARDENED_RUNTIME = YES;
				ENABLE_PREVIEWS = YES;
				INFOPLIST_FILE = macOS/Info.plist;
				LD_RUNPATH_SEARCH_PATHS = (
					"$(inherited)",
					"@executable_path/../Frameworks",
				);
				MACOSX_DEPLOYMENT_TARGET = 11.0;
				PRODUCT_BUNDLE_IDENTIFIER = "cx.viz.viz-wallet";
				PRODUCT_NAME = "viz-wallet";
				SDKROOT = macosx;
				SWIFT_VERSION = 5.0;
			};
			name = Release;
		};
		D11AF76425E239D900B29A19 /* Debug */ = {
			isa = XCBuildConfiguration;
			buildSettings = {
				ALWAYS_EMBED_SWIFT_STANDARD_LIBRARIES = YES;
				CODE_SIGN_STYLE = Automatic;
				DEVELOPMENT_TEAM = 7JF6XQC536;
				INFOPLIST_FILE = "Tests iOS/Info.plist";
				IPHONEOS_DEPLOYMENT_TARGET = 14.4;
				LD_RUNPATH_SEARCH_PATHS = (
					"$(inherited)",
					"@executable_path/Frameworks",
					"@loader_path/Frameworks",
				);
				PRODUCT_BUNDLE_IDENTIFIER = "cx.viz.Tests-iOS";
				PRODUCT_NAME = "$(TARGET_NAME)";
				SDKROOT = iphoneos;
				SWIFT_VERSION = 5.0;
				TARGETED_DEVICE_FAMILY = "1,2";
				TEST_TARGET_NAME = "viz-wallet (iOS)";
			};
			name = Debug;
		};
		D11AF76525E239D900B29A19 /* Release */ = {
			isa = XCBuildConfiguration;
			buildSettings = {
				ALWAYS_EMBED_SWIFT_STANDARD_LIBRARIES = YES;
				CODE_SIGN_STYLE = Automatic;
				DEVELOPMENT_TEAM = 7JF6XQC536;
				INFOPLIST_FILE = "Tests iOS/Info.plist";
				IPHONEOS_DEPLOYMENT_TARGET = 14.4;
				LD_RUNPATH_SEARCH_PATHS = (
					"$(inherited)",
					"@executable_path/Frameworks",
					"@loader_path/Frameworks",
				);
				PRODUCT_BUNDLE_IDENTIFIER = "cx.viz.Tests-iOS";
				PRODUCT_NAME = "$(TARGET_NAME)";
				SDKROOT = iphoneos;
				SWIFT_VERSION = 5.0;
				TARGETED_DEVICE_FAMILY = "1,2";
				TEST_TARGET_NAME = "viz-wallet (iOS)";
				VALIDATE_PRODUCT = YES;
			};
			name = Release;
		};
		D11AF76725E239D900B29A19 /* Debug */ = {
			isa = XCBuildConfiguration;
			buildSettings = {
				ALWAYS_EMBED_SWIFT_STANDARD_LIBRARIES = YES;
				CODE_SIGN_STYLE = Automatic;
				COMBINE_HIDPI_IMAGES = YES;
				DEVELOPMENT_TEAM = 7JF6XQC536;
				INFOPLIST_FILE = "Tests macOS/Info.plist";
				LD_RUNPATH_SEARCH_PATHS = (
					"$(inherited)",
					"@executable_path/../Frameworks",
					"@loader_path/../Frameworks",
				);
				MACOSX_DEPLOYMENT_TARGET = 11.1;
				PRODUCT_BUNDLE_IDENTIFIER = "cx.viz.Tests-macOS";
				PRODUCT_NAME = "$(TARGET_NAME)";
				SDKROOT = macosx;
				SWIFT_VERSION = 5.0;
				TEST_TARGET_NAME = "viz-wallet (macOS)";
			};
			name = Debug;
		};
		D11AF76825E239D900B29A19 /* Release */ = {
			isa = XCBuildConfiguration;
			buildSettings = {
				ALWAYS_EMBED_SWIFT_STANDARD_LIBRARIES = YES;
				CODE_SIGN_STYLE = Automatic;
				COMBINE_HIDPI_IMAGES = YES;
				DEVELOPMENT_TEAM = 7JF6XQC536;
				INFOPLIST_FILE = "Tests macOS/Info.plist";
				LD_RUNPATH_SEARCH_PATHS = (
					"$(inherited)",
					"@executable_path/../Frameworks",
					"@loader_path/../Frameworks",
				);
				MACOSX_DEPLOYMENT_TARGET = 11.1;
				PRODUCT_BUNDLE_IDENTIFIER = "cx.viz.Tests-macOS";
				PRODUCT_NAME = "$(TARGET_NAME)";
				SDKROOT = macosx;
				SWIFT_VERSION = 5.0;
				TEST_TARGET_NAME = "viz-wallet (macOS)";
			};
			name = Release;
		};
/* End XCBuildConfiguration section */

/* Begin XCConfigurationList section */
		D11AF72A25E239D600B29A19 /* Build configuration list for PBXProject "viz-wallet" */ = {
			isa = XCConfigurationList;
			buildConfigurations = (
				D11AF75B25E239D900B29A19 /* Debug */,
				D11AF75C25E239D900B29A19 /* Release */,
			);
			defaultConfigurationIsVisible = 0;
			defaultConfigurationName = Release;
		};
		D11AF75D25E239D900B29A19 /* Build configuration list for PBXNativeTarget "viz-wallet (iOS)" */ = {
			isa = XCConfigurationList;
			buildConfigurations = (
				D11AF75E25E239D900B29A19 /* Debug */,
				D11AF75F25E239D900B29A19 /* Release */,
			);
			defaultConfigurationIsVisible = 0;
			defaultConfigurationName = Release;
		};
		D11AF76025E239D900B29A19 /* Build configuration list for PBXNativeTarget "viz-wallet (macOS)" */ = {
			isa = XCConfigurationList;
			buildConfigurations = (
				D11AF76125E239D900B29A19 /* Debug */,
				D11AF76225E239D900B29A19 /* Release */,
			);
			defaultConfigurationIsVisible = 0;
			defaultConfigurationName = Release;
		};
		D11AF76325E239D900B29A19 /* Build configuration list for PBXNativeTarget "Tests iOS" */ = {
			isa = XCConfigurationList;
			buildConfigurations = (
				D11AF76425E239D900B29A19 /* Debug */,
				D11AF76525E239D900B29A19 /* Release */,
			);
			defaultConfigurationIsVisible = 0;
			defaultConfigurationName = Release;
		};
		D11AF76625E239D900B29A19 /* Build configuration list for PBXNativeTarget "Tests macOS" */ = {
			isa = XCConfigurationList;
			buildConfigurations = (
				D11AF76725E239D900B29A19 /* Debug */,
				D11AF76825E239D900B29A19 /* Release */,
			);
			defaultConfigurationIsVisible = 0;
			defaultConfigurationName = Release;
		};
/* End XCConfigurationList section */
	};
	rootObject = D11AF72725E239D600B29A19 /* Project object */;
}
